// !$*UTF8*$!
{
	archiveVersion = 1;
	classes = {
	};
	objectVersion = 46;
	objects = {

/* Begin PBXBuildFile section */
		5CA626721F3ABB92003C468F /* AppDelegate.swift in Sources */ = {isa = PBXBuildFile; fileRef = 5CA626711F3ABB92003C468F /* AppDelegate.swift */; };
		5CA626741F3ABB92003C468F /* ViewController.swift in Sources */ = {isa = PBXBuildFile; fileRef = 5CA626731F3ABB92003C468F /* ViewController.swift */; };
		5CA626771F3ABB92003C468F /* Main.storyboard in Resources */ = {isa = PBXBuildFile; fileRef = 5CA626751F3ABB92003C468F /* Main.storyboard */; };
		5CA626791F3ABB92003C468F /* Assets.xcassets in Resources */ = {isa = PBXBuildFile; fileRef = 5CA626781F3ABB92003C468F /* Assets.xcassets */; };
		5CA6267C1F3ABB92003C468F /* LaunchScreen.storyboard in Resources */ = {isa = PBXBuildFile; fileRef = 5CA6267A1F3ABB92003C468F /* LaunchScreen.storyboard */; };
/* End PBXBuildFile section */

/* Begin PBXFileReference section */
		5CA6266E1F3ABB92003C468F /* GitUseExample.app */ = {isa = PBXFileReference; explicitFileType = wrapper.application; includeInIndex = 0; path = GitUseExample.app; sourceTree = BUILT_PRODUCTS_DIR; };
		5CA626711F3ABB92003C468F /* AppDelegate.swift */ = {isa = PBXFileReference; lastKnownFileType = sourcecode.swift; path = AppDelegate.swift; sourceTree = "<group>"; };
		5CA626731F3ABB92003C468F /* ViewController.swift */ = {isa = PBXFileReference; lastKnownFileType = sourcecode.swift; path = ViewController.swift; sourceTree = "<group>"; };
		5CA626761F3ABB92003C468F /* Base */ = {isa = PBXFileReference; lastKnownFileType = file.storyboard; name = Base; path = Base.lproj/Main.storyboard; sourceTree = "<group>"; };
		5CA626781F3ABB92003C468F /* Assets.xcassets */ = {isa = PBXFileReference; lastKnownFileType = folder.assetcatalog; path = Assets.xcassets; sourceTree = "<group>"; };
		5CA6267B1F3ABB92003C468F /* Base */ = {isa = PBXFileReference; lastKnownFileType = file.storyboard; name = Base; path = Base.lproj/LaunchScreen.storyboard; sourceTree = "<group>"; };
		5CA6267D1F3ABB92003C468F /* Info.plist */ = {isa = PBXFileReference; lastKnownFileType = text.plist.xml; path = Info.plist; sourceTree = "<group>"; };
/* End PBXFileReference section */

/* Begin PBXFrameworksBuildPhase section */
		5CA6266B1F3ABB92003C468F /* Frameworks */ = {
			isa = PBXFrameworksBuildPhase;
			buildActionMask = 2147483647;
			files = (
			);
			runOnlyForDeploymentPostprocessing = 0;
		};
/* End PBXFrameworksBuildPhase section */

/* Begin PBXGroup section */
		5CA626651F3ABB92003C468F = {
			isa = PBXGroup;
			children = (
				5CA626701F3ABB92003C468F /* GitUseExample */,
				5CA6266F1F3ABB92003C468F /* Products */,
			);
			sourceTree = "<group>";
		};
		5CA6266F1F3ABB92003C468F /* Products */ = {
			isa = PBXGroup;
			children = (
				5CA6266E1F3ABB92003C468F /* GitUseExample.app */,
			);
			name = Products;
			sourceTree = "<group>";
		};
		5CA626701F3ABB92003C468F /* GitUseExample */ = {
			isa = PBXGroup;
			children = (
				5CA626711F3ABB92003C468F /* AppDelegate.swift */,
				5CA626731F3ABB92003C468F /* ViewController.swift */,
				5CA626751F3ABB92003C468F /* Main.storyboard */,
				5CA626781F3ABB92003C468F /* Assets.xcassets */,
				5CA6267A1F3ABB92003C468F /* LaunchScreen.storyboard */,
				5CA6267D1F3ABB92003C468F /* Info.plist */,
			);
			path = GitUseExample;
			sourceTree = "<group>";
		};
/* End PBXGroup section */

/* Begin PBXNativeTarget section */
		5CA6266D1F3ABB92003C468F /* GitUseExample */ = {
			isa = PBXNativeTarget;
			buildConfigurationList = 5CA626801F3ABB92003C468F /* Build configuration list for PBXNativeTarget "GitUseExample" */;
			buildPhases = (
				5CA6266A1F3ABB92003C468F /* Sources */,
				5CA6266B1F3ABB92003C468F /* Frameworks */,
				5CA6266C1F3ABB92003C468F /* Resources */,
			);
			buildRules = (
			);
			dependencies = (
			);
			name = GitUseExample;
			productName = GitUseExample;
			productReference = 5CA6266E1F3ABB92003C468F /* GitUseExample.app */;
			productType = "com.apple.product-type.application";
		};
/* End PBXNativeTarget section */

/* Begin PBXProject section */
		5CA626661F3ABB92003C468F /* Project object */ = {
			isa = PBXProject;
			attributes = {
				LastSwiftUpdateCheck = 0830;
				LastUpgradeCheck = 0830;
				ORGANIZATIONNAME = uocean;
				TargetAttributes = {
					5CA6266D1F3ABB92003C468F = {
						CreatedOnToolsVersion = 8.3.3;
						DevelopmentTeam = C7RZ55UYB2;
						ProvisioningStyle = Automatic;
					};
				};
			};
			buildConfigurationList = 5CA626691F3ABB92003C468F /* Build configuration list for PBXProject "GitUseExample" */;
			compatibilityVersion = "Xcode 3.2";
			developmentRegion = English;
			hasScannedForEncodings = 0;
			knownRegions = (
				en,
				Base,
			);
			mainGroup = 5CA626651F3ABB92003C468F;
			productRefGroup = 5CA6266F1F3ABB92003C468F /* Products */;
			projectDirPath = "";
			projectRoot = "";
			targets = (
				5CA6266D1F3ABB92003C468F /* GitUseExample */,
			);
		};
/* End PBXProject section */

/* Begin PBXResourcesBuildPhase section */
		5CA6266C1F3ABB92003C468F /* Resources */ = {
			isa = PBXResourcesBuildPhase;
			buildActionMask = 2147483647;
			files = (
				5CA6267C1F3ABB92003C468F /* LaunchScreen.storyboard in Resources */,
				5CA626791F3ABB92003C468F /* Assets.xcassets in Resources */,
				5CA626771F3ABB92003C468F /* Main.storyboard in Resources */,
			);
			runOnlyForDeploymentPostprocessing = 0;
		};
/* End PBXResourcesBuildPhase section */

/* Begin PBXSourcesBuildPhase section */
		5CA6266A1F3ABB92003C468F /* Sources */ = {
			isa = PBXSourcesBuildPhase;
			buildActionMask = 2147483647;
			files = (
				5CA626741F3ABB92003C468F /* ViewController.swift in Sources */,
				5CA626721F3ABB92003C468F /* AppDelegate.swift in Sources */,
			);
			runOnlyForDeploymentPostprocessing = 0;
		};
/* End PBXSourcesBuildPhase section */

/* Begin PBXVariantGroup section */
		5CA626751F3ABB92003C468F /* Main.storyboard */ = {
			isa = PBXVariantGroup;
			children = (
				5CA626761F3ABB92003C468F /* Base */,
			);
			name = Main.storyboard;
			sourceTree = "<group>";
		};
		5CA6267A1F3ABB92003C468F /* LaunchScreen.storyboard */ = {
			isa = PBXVariantGroup;
			children = (
				5CA6267B1F3ABB92003C468F /* Base */,
			);
			name = LaunchScreen.storyboard;
			sourceTree = "<group>";
		};
/* End PBXVariantGroup section */

/* Begin XCBuildConfiguration section */
		5CA6267E1F3ABB92003C468F /* Debug */ = {
			isa = XCBuildConfiguration;
			buildSettings = {
				ALWAYS_SEARCH_USER_PATHS = NO;
				CLANG_ANALYZER_NONNULL = YES;
				CLANG_ANALYZER_NUMBER_OBJECT_CONVERSION = YES_AGGRESSIVE;
				CLANG_CXX_LANGUAGE_STANDARD = "gnu++0x";
				CLANG_CXX_LIBRARY = "libc++";
				CLANG_ENABLE_MODULES = YES;
				CLANG_ENABLE_OBJC_ARC = YES;
				CLANG_WARN_BOOL_CONVERSION = YES;
				CLANG_WARN_CONSTANT_CONVERSION = YES;
				CLANG_WARN_DIRECT_OBJC_ISA_USAGE = YES_ERROR;
				CLANG_WARN_DOCUMENTATION_COMMENTS = YES;
				CLANG_WARN_EMPTY_BODY = YES;
				CLANG_WARN_ENUM_CONVERSION = YES;
				CLANG_WARN_INFINITE_RECURSION = YES;
				CLANG_WARN_INT_CONVERSION = YES;
				CLANG_WARN_OBJC_ROOT_CLASS = YES_ERROR;
				CLANG_WARN_SUSPICIOUS_MOVE = YES;
				CLANG_WARN_UNREACHABLE_CODE = YES;
				CLANG_WARN__DUPLICATE_METHOD_MATCH = YES;
				"CODE_SIGN_IDENTITY[sdk=iphoneos*]" = "iPhone Developer";
				COPY_PHASE_STRIP = NO;
				DEBUG_INFORMATION_FORMAT = dwarf;
				ENABLE_STRICT_OBJC_MSGSEND = YES;
				ENABLE_TESTABILITY = YES;
				GCC_C_LANGUAGE_STANDARD = gnu99;
				GCC_DYNAMIC_NO_PIC = NO;
				GCC_NO_COMMON_BLOCKS = YES;
				GCC_OPTIMIZATION_LEVEL = 0;
				GCC_PREPROCESSOR_DEFINITIONS = (
					"DEBUG=1",
					"$(inherited)",
				);
				GCC_WARN_64_TO_32_BIT_CONVERSION = YES;
				GCC_WARN_ABOUT_RETURN_TYPE = YES_ERROR;
				GCC_WARN_UNDECLARED_SELECTOR = YES;
				GCC_WARN_UNINITIALIZED_AUTOS = YES_AGGRESSIVE;
				GCC_WARN_UNUSED_FUNCTION = YES;
				GCC_WARN_UNUSED_VARIABLE = YES;
				IPHONEOS_DEPLOYMENT_TARGET = 10.3;
				MTL_ENABLE_DEBUG_INFO = YES;
				ONLY_ACTIVE_ARCH = YES;
				SDKROOT = iphoneos;
				SWIFT_ACTIVE_COMPILATION_CONDITIONS = DEBUG;
				SWIFT_OPTIMIZATION_LEVEL = "-Onone";
			};
			name = Debug;
		};
		5CA6267F1F3ABB92003C468F /* Release */ = {
			isa = XCBuildConfiguration;
			buildSettings = {
				ALWAYS_SEARCH_USER_PATHS = NO;
				CLANG_ANALYZER_NONNULL = YES;
				CLANG_ANALYZER_NUMBER_OBJECT_CONVERSION = YES_AGGRESSIVE;
				CLANG_CXX_LANGUAGE_STANDARD = "gnu++0x";
				CLANG_CXX_LIBRARY = "libc++";
				CLANG_ENABLE_MODULES = YES;
				CLANG_ENABLE_OBJC_ARC = YES;
				CLANG_WARN_BOOL_CONVERSION = YES;
				CLANG_WARN_CONSTANT_CONVERSION = YES;
				CLANG_WARN_DIRECT_OBJC_ISA_USAGE = YES_ERROR;
				CLANG_WARN_DOCUMENTATION_COMMENTS = YES;
				CLANG_WARN_EMPTY_BODY = YES;
				CLANG_WARN_ENUM_CONVERSION = YES;
				CLANG_WARN_INFINITE_RECURSION = YES;
				CLANG_WARN_INT_CONVERSION = YES;
				CLANG_WARN_OBJC_ROOT_CLASS = YES_ERROR;
				CLANG_WARN_SUSPICIOUS_MOVE = YES;
				CLANG_WARN_UNREACHABLE_CODE = YES;
				CLANG_WARN__DUPLICATE_METHOD_MATCH = YES;
				"CODE_SIGN_IDENTITY[sdk=iphoneos*]" = "iPhone Developer";
				COPY_PHASE_STRIP = NO;
				DEBUG_INFORMATION_FORMAT = "dwarf-with-dsym";
				ENABLE_NS_ASSERTIONS = NO;
				ENABLE_STRICT_OBJC_MSGSEND = YES;
				GCC_C_LANGUAGE_STANDARD = gnu99;
				GCC_NO_COMMON_BLOCKS = YES;
				GCC_WARN_64_TO_32_BIT_CONVERSION = YES;
				GCC_WARN_ABOUT_RETURN_TYPE = YES_ERROR;
				GCC_WARN_UNDECLARED_SELECTOR = YES;
				GCC_WARN_UNINITIALIZED_AUTOS = YES_AGGRESSIVE;
				GCC_WARN_UNUSED_FUNCTION = YES;
				GCC_WARN_UNUSED_VARIABLE = YES;
				IPHONEOS_DEPLOYMENT_TARGET = 10.3;
				MTL_ENABLE_DEBUG_INFO = NO;
				SDKROOT = iphoneos;
				SWIFT_OPTIMIZATION_LEVEL = "-Owholemodule";
				VALIDATE_PRODUCT = YES;
			};
			name = Release;
		};
		5CA626811F3ABB92003C468F /* Debug */ = {
			isa = XCBuildConfiguration;
			buildSettings = {
				ASSETCATALOG_COMPILER_APPICON_NAME = AppIcon;
				DEVELOPMENT_TEAM = C7RZ55UYB2;
				INFOPLIST_FILE = GitUseExample/Info.plist;
				LD_RUNPATH_SEARCH_PATHS = "$(inherited) @executable_path/Frameworks";
				PRODUCT_BUNDLE_IDENTIFIER = com.uocean.GitUseExample;
				PRODUCT_NAME = "$(TARGET_NAME)";
				SWIFT_VERSION = 3.0;
			};
			name = Debug;
		};
		5CA626821F3ABB92003C468F /* Release */ = {
			isa = XCBuildConfiguration;
			buildSettings = {
				ASSETCATALOG_COMPILER_APPICON_NAME = AppIcon;
				DEVELOPMENT_TEAM = C7RZ55UYB2;
				INFOPLIST_FILE = GitUseExample/Info.plist;
				LD_RUNPATH_SEARCH_PATHS = "$(inherited) @executable_path/Frameworks";
				PRODUCT_BUNDLE_IDENTIFIER = com.uocean.GitUseExample;
				PRODUCT_NAME = "$(TARGET_NAME)";
				SWIFT_VERSION = 3.0;
			};
			name = Release;
		};
/* End XCBuildConfiguration section */

/* Begin XCConfigurationList section */
		5CA626691F3ABB92003C468F /* Build configuration list for PBXProject "GitUseExample" */ = {
			isa = XCConfigurationList;
			buildConfigurations = (
				5CA6267E1F3ABB92003C468F /* Debug */,
				5CA6267F1F3ABB92003C468F /* Release */,
			);
			defaultConfigurationIsVisible = 0;
			defaultConfigurationName = Release;
		};
		5CA626801F3ABB92003C468F /* Build configuration list for PBXNativeTarget "GitUseExample" */ = {
			isa = XCConfigurationList;
			buildConfigurations = (
				5CA626811F3ABB92003C468F /* Debug */,
				5CA626821F3ABB92003C468F /* Release */,
			);
			defaultConfigurationIsVisible = 0;
		};
/* End XCConfigurationList section */
	};
	rootObject = 5CA626661F3ABB92003C468F /* Project object */;
}
